// !$*UTF8*$!
{
	archiveVersion = 1;
	classes = {
	};
	objectVersion = 50;
	objects = {

/* Begin PBXBuildFile section */
		A5BC6C4624E0972C00CCEEDD /* AppDelegate.swift in Sources */ = {isa = PBXBuildFile; fileRef = A5BC6C4524E0972C00CCEEDD /* AppDelegate.swift */; };
		A5BC6C4824E0972C00CCEEDD /* SceneDelegate.swift in Sources */ = {isa = PBXBuildFile; fileRef = A5BC6C4724E0972C00CCEEDD /* SceneDelegate.swift */; };
		A5BC6C4A24E0972C00CCEEDD /* ViewController.swift in Sources */ = {isa = PBXBuildFile; fileRef = A5BC6C4924E0972C00CCEEDD /* ViewController.swift */; };
		A5BC6C4D24E0972C00CCEEDD /* Main.storyboard in Resources */ = {isa = PBXBuildFile; fileRef = A5BC6C4B24E0972C00CCEEDD /* Main.storyboard */; };
		A5BC6C4F24E0972E00CCEEDD /* Assets.xcassets in Resources */ = {isa = PBXBuildFile; fileRef = A5BC6C4E24E0972E00CCEEDD /* Assets.xcassets */; };
		A5BC6C5224E0972E00CCEEDD /* LaunchScreen.storyboard in Resources */ = {isa = PBXBuildFile; fileRef = A5BC6C5024E0972E00CCEEDD /* LaunchScreen.storyboard */; };
		A5BC6C5A24E098E400CCEEDD /* Capital.swift in Sources */ = {isa = PBXBuildFile; fileRef = A5BC6C5924E098E400CCEEDD /* Capital.swift */; };
		A5BC6C5C24E0A3F100CCEEDD /* DetailViewController.swift in Sources */ = {isa = PBXBuildFile; fileRef = A5BC6C5B24E0A3F100CCEEDD /* DetailViewController.swift */; };
/* End PBXBuildFile section */

/* Begin PBXFileReference section */
		A5BC6C4224E0972C00CCEEDD /* Project16.app */ = {isa = PBXFileReference; explicitFileType = wrapper.application; includeInIndex = 0; path = Project16.app; sourceTree = BUILT_PRODUCTS_DIR; };
		A5BC6C4524E0972C00CCEEDD /* AppDelegate.swift */ = {isa = PBXFileReference; lastKnownFileType = sourcecode.swift; path = AppDelegate.swift; sourceTree = "<group>"; };
		A5BC6C4724E0972C00CCEEDD /* SceneDelegate.swift */ = {isa = PBXFileReference; lastKnownFileType = sourcecode.swift; path = SceneDelegate.swift; sourceTree = "<group>"; };
		A5BC6C4924E0972C00CCEEDD /* ViewController.swift */ = {isa = PBXFileReference; lastKnownFileType = sourcecode.swift; path = ViewController.swift; sourceTree = "<group>"; };
		A5BC6C4C24E0972C00CCEEDD /* Base */ = {isa = PBXFileReference; lastKnownFileType = file.storyboard; name = Base; path = Base.lproj/Main.storyboard; sourceTree = "<group>"; };
		A5BC6C4E24E0972E00CCEEDD /* Assets.xcassets */ = {isa = PBXFileReference; lastKnownFileType = folder.assetcatalog; path = Assets.xcassets; sourceTree = "<group>"; };
		A5BC6C5124E0972E00CCEEDD /* Base */ = {isa = PBXFileReference; lastKnownFileType = file.storyboard; name = Base; path = Base.lproj/LaunchScreen.storyboard; sourceTree = "<group>"; };
		A5BC6C5324E0972E00CCEEDD /* Info.plist */ = {isa = PBXFileReference; lastKnownFileType = text.plist.xml; path = Info.plist; sourceTree = "<group>"; };
		A5BC6C5924E098E400CCEEDD /* Capital.swift */ = {isa = PBXFileReference; lastKnownFileType = sourcecode.swift; path = Capital.swift; sourceTree = "<group>"; };
		A5BC6C5B24E0A3F100CCEEDD /* DetailViewController.swift */ = {isa = PBXFileReference; lastKnownFileType = sourcecode.swift; path = DetailViewController.swift; sourceTree = "<group>"; };
/* End PBXFileReference section */

/* Begin PBXFrameworksBuildPhase section */
		A5BC6C3F24E0972C00CCEEDD /* Frameworks */ = {
			isa = PBXFrameworksBuildPhase;
			buildActionMask = 2147483647;
			files = (
			);
			runOnlyForDeploymentPostprocessing = 0;
		};
/* End PBXFrameworksBuildPhase section */

/* Begin PBXGroup section */
		A5BC6C3924E0972C00CCEEDD = {
			isa = PBXGroup;
			children = (
				A5BC6C4424E0972C00CCEEDD /* Project16 */,
				A5BC6C4324E0972C00CCEEDD /* Products */,
			);
			sourceTree = "<group>";
		};
		A5BC6C4324E0972C00CCEEDD /* Products */ = {
			isa = PBXGroup;
			children = (
				A5BC6C4224E0972C00CCEEDD /* Project16.app */,
			);
			name = Products;
			sourceTree = "<group>";
		};
		A5BC6C4424E0972C00CCEEDD /* Project16 */ = {
			isa = PBXGroup;
			children = (
				A5BC6C4524E0972C00CCEEDD /* AppDelegate.swift */,
				A5BC6C4724E0972C00CCEEDD /* SceneDelegate.swift */,
				A5BC6C4924E0972C00CCEEDD /* ViewController.swift */,
				A5BC6C5B24E0A3F100CCEEDD /* DetailViewController.swift */,
				A5BC6C5924E098E400CCEEDD /* Capital.swift */,
				A5BC6C4B24E0972C00CCEEDD /* Main.storyboard */,
				A5BC6C4E24E0972E00CCEEDD /* Assets.xcassets */,
				A5BC6C5024E0972E00CCEEDD /* LaunchScreen.storyboard */,
				A5BC6C5324E0972E00CCEEDD /* Info.plist */,
			);
			path = Project16;
			sourceTree = "<group>";
		};
/* End PBXGroup section */

/* Begin PBXNativeTarget section */
		A5BC6C4124E0972C00CCEEDD /* Project16 */ = {
			isa = PBXNativeTarget;
			buildConfigurationList = A5BC6C5624E0972E00CCEEDD /* Build configuration list for PBXNativeTarget "Project16" */;
			buildPhases = (
				A5BC6C3E24E0972C00CCEEDD /* Sources */,
				A5BC6C3F24E0972C00CCEEDD /* Frameworks */,
				A5BC6C4024E0972C00CCEEDD /* Resources */,
			);
			buildRules = (
			);
			dependencies = (
			);
			name = Project16;
			productName = Project16;
			productReference = A5BC6C4224E0972C00CCEEDD /* Project16.app */;
			productType = "com.apple.product-type.application";
		};
/* End PBXNativeTarget section */

/* Begin PBXProject section */
		A5BC6C3A24E0972C00CCEEDD /* Project object */ = {
			isa = PBXProject;
			attributes = {
				LastSwiftUpdateCheck = 1130;
				LastUpgradeCheck = 1130;
				ORGANIZATIONNAME = "Игорь Клюжев";
				TargetAttributes = {
					A5BC6C4124E0972C00CCEEDD = {
						CreatedOnToolsVersion = 11.3;
					};
				};
			};
			buildConfigurationList = A5BC6C3D24E0972C00CCEEDD /* Build configuration list for PBXProject "Project16" */;
			compatibilityVersion = "Xcode 9.3";
			developmentRegion = en;
			hasScannedForEncodings = 0;
			knownRegions = (
				en,
				Base,
			);
			mainGroup = A5BC6C3924E0972C00CCEEDD;
			productRefGroup = A5BC6C4324E0972C00CCEEDD /* Products */;
			projectDirPath = "";
			projectRoot = "";
			targets = (
				A5BC6C4124E0972C00CCEEDD /* Project16 */,
			);
		};
/* End PBXProject section */

/* Begin PBXResourcesBuildPhase section */
		A5BC6C4024E0972C00CCEEDD /* Resources */ = {
			isa = PBXResourcesBuildPhase;
			buildActionMask = 2147483647;
			files = (
				A5BC6C5224E0972E00CCEEDD /* LaunchScreen.storyboard in Resources */,
				A5BC6C4F24E0972E00CCEEDD /* Assets.xcassets in Resources */,
				A5BC6C4D24E0972C00CCEEDD /* Main.storyboard in Resources */,
			);
			runOnlyForDeploymentPostprocessing = 0;
		};
/* End PBXResourcesBuildPhase section */

/* Begin PBXSourcesBuildPhase section */
		A5BC6C3E24E0972C00CCEEDD /* Sources */ = {
			isa = PBXSourcesBuildPhase;
			buildActionMask = 2147483647;
			files = (
				A5BC6C4A24E0972C00CCEEDD /* ViewController.swift in Sources */,
				A5BC6C4624E0972C00CCEEDD /* AppDelegate.swift in Sources */,
				A5BC6C5C24E0A3F100CCEEDD /* DetailViewController.swift in Sources */,
				A5BC6C5A24E098E400CCEEDD /* Capital.swift in Sources */,
				A5BC6C4824E0972C00CCEEDD /* SceneDelegate.swift in Sources */,
			);
			runOnlyForDeploymentPostprocessing = 0;
		};
/* End PBXSourcesBuildPhase section */

/* Begin PBXVariantGroup section */
		A5BC6C4B24E0972C00CCEEDD /* Main.storyboard */ = {
			isa = PBXVariantGroup;
			children = (
				A5BC6C4C24E0972C00CCEEDD /* Base */,
			);
			name = Main.storyboard;
			sourceTree = "<group>";
		};
		A5BC6C5024E0972E00CCEEDD /* LaunchScreen.storyboard */ = {
			isa = PBXVariantGroup;
			children = (
				A5BC6C5124E0972E00CCEEDD /* Base */,
			);
			name = LaunchScreen.storyboard;
			sourceTree = "<group>";
		};
/* End PBXVariantGroup section */

/* Begin XCBuildConfiguration section */
		A5BC6C5424E0972E00CCEEDD /* Debug */ = {
			isa = XCBuildConfiguration;
			buildSettings = {
				ALWAYS_SEARCH_USER_PATHS = NO;
				CLANG_ANALYZER_NONNULL = YES;
				CLANG_ANALYZER_NUMBER_OBJECT_CONVERSION = YES_AGGRESSIVE;
				CLANG_CXX_LANGUAGE_STANDARD = "gnu++14";
				CLANG_CXX_LIBRARY = "libc++";
				CLANG_ENABLE_MODULES = YES;
				CLANG_ENABLE_OBJC_ARC = YES;
				CLANG_ENABLE_OBJC_WEAK = YES;
				CLANG_WARN_BLOCK_CAPTURE_AUTORELEASING = YES;
				CLANG_WARN_BOOL_CONVERSION = YES;
				CLANG_WARN_COMMA = YES;
				CLANG_WARN_CONSTANT_CONVERSION = YES;
				CLANG_WARN_DEPRECATED_OBJC_IMPLEMENTATIONS = YES;
				CLANG_WARN_DIRECT_OBJC_ISA_USAGE = YES_ERROR;
				CLANG_WARN_DOCUMENTATION_COMMENTS = YES;
				CLANG_WARN_EMPTY_BODY = YES;
				CLANG_WARN_ENUM_CONVERSION = YES;
				CLANG_WARN_INFINITE_RECURSION = YES;
				CLANG_WARN_INT_CONVERSION = YES;
				CLANG_WARN_NON_LITERAL_NULL_CONVERSION = YES;
				CLANG_WARN_OBJC_IMPLICIT_RETAIN_SELF = YES;
				CLANG_WARN_OBJC_LITERAL_CONVERSION = YES;
				CLANG_WARN_OBJC_ROOT_CLASS = YES_ERROR;
				CLANG_WARN_RANGE_LOOP_ANALYSIS = YES;
				CLANG_WARN_STRICT_PROTOTYPES = YES;
				CLANG_WARN_SUSPICIOUS_MOVE = YES;
				CLANG_WARN_UNGUARDED_AVAILABILITY = YES_AGGRESSIVE;
				CLANG_WARN_UNREACHABLE_CODE = YES;
				CLANG_WARN__DUPLICATE_METHOD_MATCH = YES;
				COPY_PHASE_STRIP = NO;
				DEBUG_INFORMATION_FORMAT = dwarf;
				ENABLE_STRICT_OBJC_MSGSEND = YES;
				ENABLE_TESTABILITY = YES;
				GCC_C_LANGUAGE_STANDARD = gnu11;
				GCC_DYNAMIC_NO_PIC = NO;
				GCC_NO_COMMON_BLOCKS = YES;
				GCC_OPTIMIZATION_LEVEL = 0;
				GCC_PREPROCESSOR_DEFINITIONS = (
					"DEBUG=1",
					"$(inherited)",
				);
				GCC_WARN_64_TO_32_BIT_CONVERSION = YES;
				GCC_WARN_ABOUT_RETURN_TYPE = YES_ERROR;
				GCC_WARN_UNDECLARED_SELECTOR = YES;
				GCC_WARN_UNINITIALIZED_AUTOS = YES_AGGRESSIVE;
				GCC_WARN_UNUSED_FUNCTION = YES;
				GCC_WARN_UNUSED_VARIABLE = YES;
				IPHONEOS_DEPLOYMENT_TARGET = 13.2;
				MTL_ENABLE_DEBUG_INFO = INCLUDE_SOURCE;
				MTL_FAST_MATH = YES;
				ONLY_ACTIVE_ARCH = YES;
				SDKROOT = iphoneos;
				SWIFT_ACTIVE_COMPILATION_CONDITIONS = DEBUG;
				SWIFT_OPTIMIZATION_LEVEL = "-Onone";
			};
			name = Debug;
		};
		A5BC6C5524E0972E00CCEEDD /* Release */ = {
			isa = XCBuildConfiguration;
			buildSettings = {
				ALWAYS_SEARCH_USER_PATHS = NO;
				CLANG_ANALYZER_NONNULL = YES;
				CLANG_ANALYZER_NUMBER_OBJECT_CONVERSION = YES_AGGRESSIVE;
				CLANG_CXX_LANGUAGE_STANDARD = "gnu++14";
				CLANG_CXX_LIBRARY = "libc++";
				CLANG_ENABLE_MODULES = YES;
				CLANG_ENABLE_OBJC_ARC = YES;
				CLANG_ENABLE_OBJC_WEAK = YES;
				CLANG_WARN_BLOCK_CAPTURE_AUTORELEASING = YES;
				CLANG_WARN_BOOL_CONVERSION = YES;
				CLANG_WARN_COMMA = YES;
				CLANG_WARN_CONSTANT_CONVERSION = YES;
				CLANG_WARN_DEPRECATED_OBJC_IMPLEMENTATIONS = YES;
				CLANG_WARN_DIRECT_OBJC_ISA_USAGE = YES_ERROR;
				CLANG_WARN_DOCUMENTATION_COMMENTS = YES;
				CLANG_WARN_EMPTY_BODY = YES;
				CLANG_WARN_ENUM_CONVERSION = YES;
				CLANG_WARN_INFINITE_RECURSION = YES;
				CLANG_WARN_INT_CONVERSION = YES;
				CLANG_WARN_NON_LITERAL_NULL_CONVERSION = YES;
				CLANG_WARN_OBJC_IMPLICIT_RETAIN_SELF = YES;
				CLANG_WARN_OBJC_LITERAL_CONVERSION = YES;
				CLANG_WARN_OBJC_ROOT_CLASS = YES_ERROR;
				CLANG_WARN_RANGE_LOOP_ANALYSIS = YES;
				CLANG_WARN_STRICT_PROTOTYPES = YES;
				CLANG_WARN_SUSPICIOUS_MOVE = YES;
				CLANG_WARN_UNGUARDED_AVAILABILITY = YES_AGGRESSIVE;
				CLANG_WARN_UNREACHABLE_CODE = YES;
				CLANG_WARN__DUPLICATE_METHOD_MATCH = YES;
				COPY_PHASE_STRIP = NO;
				DEBUG_INFORMATION_FORMAT = "dwarf-with-dsym";
				ENABLE_NS_ASSERTIONS = NO;
				ENABLE_STRICT_OBJC_MSGSEND = YES;
				GCC_C_LANGUAGE_STANDARD = gnu11;
				GCC_NO_COMMON_BLOCKS = YES;
				GCC_WARN_64_TO_32_BIT_CONVERSION = YES;
				GCC_WARN_ABOUT_RETURN_TYPE = YES_ERROR;
				GCC_WARN_UNDECLARED_SELECTOR = YES;
				GCC_WARN_UNINITIALIZED_AUTOS = YES_AGGRESSIVE;
				GCC_WARN_UNUSED_FUNCTION = YES;
				GCC_WARN_UNUSED_VARIABLE = YES;
				IPHONEOS_DEPLOYMENT_TARGET = 13.2;
				MTL_ENABLE_DEBUG_INFO = NO;
				MTL_FAST_MATH = YES;
				SDKROOT = iphoneos;
				SWIFT_COMPILATION_MODE = wholemodule;
				SWIFT_OPTIMIZATION_LEVEL = "-O";
				VALIDATE_PRODUCT = YES;
			};
			name = Release;
		};
		A5BC6C5724E0972E00CCEEDD /* Debug */ = {
			isa = XCBuildConfiguration;
			buildSettings = {
				ASSETCATALOG_COMPILER_APPICON_NAME = AppIcon;
				CODE_SIGN_STYLE = Automatic;
				DEVELOPMENT_TEAM = 4D7YJ8BY8H;
				INFOPLIST_FILE = Project16/Info.plist;
				LD_RUNPATH_SEARCH_PATHS = (
					"$(inherited)",
					"@executable_path/Frameworks",
				);
				PRODUCT_BUNDLE_IDENTIFIER = com.ITMO.Project16;
				PRODUCT_NAME = "$(TARGET_NAME)";
				SWIFT_VERSION = 5.0;
				TARGETED_DEVICE_FAMILY = "1,2";
			};
			name = Debug;
		};
		A5BC6C5824E0972E00CCEEDD /* Release */ = {
			isa = XCBuildConfiguration;
			buildSettings = {
				ASSETCATALOG_COMPILER_APPICON_NAME = AppIcon;
				CODE_SIGN_STYLE = Automatic;
				DEVELOPMENT_TEAM = 4D7YJ8BY8H;
				INFOPLIST_FILE = Project16/Info.plist;
				LD_RUNPATH_SEARCH_PATHS = (
					"$(inherited)",
					"@executable_path/Frameworks",
				);
				PRODUCT_BUNDLE_IDENTIFIER = com.ITMO.Project16;
				PRODUCT_NAME = "$(TARGET_NAME)";
				SWIFT_VERSION = 5.0;
				TARGETED_DEVICE_FAMILY = "1,2";
			};
			name = Release;
		};
/* End XCBuildConfiguration section */

/* Begin XCConfigurationList section */
		A5BC6C3D24E0972C00CCEEDD /* Build configuration list for PBXProject "Project16" */ = {
			isa = XCConfigurationList;
			buildConfigurations = (
				A5BC6C5424E0972E00CCEEDD /* Debug */,
				A5BC6C5524E0972E00CCEEDD /* Release */,
			);
			defaultConfigurationIsVisible = 0;
			defaultConfigurationName = Release;
		};
		A5BC6C5624E0972E00CCEEDD /* Build configuration list for PBXNativeTarget "Project16" */ = {
			isa = XCConfigurationList;
			buildConfigurations = (
				A5BC6C5724E0972E00CCEEDD /* Debug */,
				A5BC6C5824E0972E00CCEEDD /* Release */,
			);
			defaultConfigurationIsVisible = 0;
			defaultConfigurationName = Release;
		};
/* End XCConfigurationList section */
	};
	rootObject = A5BC6C3A24E0972C00CCEEDD /* Project object */;
}
