// !$*UTF8*$!
{
	archiveVersion = 1;
	classes = {
	};
	objectVersion = 50;
	objects = {

/* Begin PBXBuildFile section */
		A5BC6BE024DC347B00CCEEDD /* WhackSlot.swift in Sources */ = {isa = PBXBuildFile; fileRef = A5BC6BDF24DC347B00CCEEDD /* WhackSlot.swift */; };
		A5BC6BF124DC479800CCEEDD /* whack.caf in Resources */ = {isa = PBXBuildFile; fileRef = A5BC6BE724DC475200CCEEDD /* whack.caf */; };
		A5BC6BF224DC479B00CCEEDD /* whackBad.caf in Resources */ = {isa = PBXBuildFile; fileRef = A5BC6BE324DC475200CCEEDD /* whackBad.caf */; };
		A5BC6C6024E0AABA00CCEEDD /* GameOver.m4a in Resources */ = {isa = PBXBuildFile; fileRef = A5BC6C5F24E0AA9800CCEEDD /* GameOver.m4a */; };
		A5CF3CDD24DB4E1600B23629 /* AppDelegate.swift in Sources */ = {isa = PBXBuildFile; fileRef = A5CF3CDC24DB4E1600B23629 /* AppDelegate.swift */; };
		A5CF3CDF24DB4E1600B23629 /* GameScene.sks in Resources */ = {isa = PBXBuildFile; fileRef = A5CF3CDE24DB4E1600B23629 /* GameScene.sks */; };
		A5CF3CE324DB4E1600B23629 /* GameScene.swift in Sources */ = {isa = PBXBuildFile; fileRef = A5CF3CE224DB4E1600B23629 /* GameScene.swift */; };
		A5CF3CE524DB4E1600B23629 /* GameViewController.swift in Sources */ = {isa = PBXBuildFile; fileRef = A5CF3CE424DB4E1600B23629 /* GameViewController.swift */; };
		A5CF3CE824DB4E1600B23629 /* Main.storyboard in Resources */ = {isa = PBXBuildFile; fileRef = A5CF3CE624DB4E1600B23629 /* Main.storyboard */; };
		A5CF3CEA24DB4E1700B23629 /* Assets.xcassets in Resources */ = {isa = PBXBuildFile; fileRef = A5CF3CE924DB4E1700B23629 /* Assets.xcassets */; };
		A5CF3CED24DB4E1700B23629 /* LaunchScreen.storyboard in Resources */ = {isa = PBXBuildFile; fileRef = A5CF3CEB24DB4E1700B23629 /* LaunchScreen.storyboard */; };
/* End PBXBuildFile section */

/* Begin PBXFileReference section */
		A5BC6BDF24DC347B00CCEEDD /* WhackSlot.swift */ = {isa = PBXFileReference; lastKnownFileType = sourcecode.swift; path = WhackSlot.swift; sourceTree = "<group>"; };
		A5BC6BE324DC475200CCEEDD /* whackBad.caf */ = {isa = PBXFileReference; lastKnownFileType = file; path = whackBad.caf; sourceTree = "<group>"; };
		A5BC6BE424DC475200CCEEDD /* penguinGood.png */ = {isa = PBXFileReference; lastKnownFileType = image.png; path = penguinGood.png; sourceTree = "<group>"; };
		A5BC6BE524DC475200CCEEDD /* whackMask.png */ = {isa = PBXFileReference; lastKnownFileType = image.png; path = whackMask.png; sourceTree = "<group>"; };
		A5BC6BE624DC475200CCEEDD /* whackBackground.png */ = {isa = PBXFileReference; lastKnownFileType = image.png; path = whackBackground.png; sourceTree = "<group>"; };
		A5BC6BE724DC475200CCEEDD /* whack.caf */ = {isa = PBXFileReference; lastKnownFileType = file; path = whack.caf; sourceTree = "<group>"; };
		A5BC6BE824DC475200CCEEDD /* gameOver@2x.png */ = {isa = PBXFileReference; lastKnownFileType = image.png; path = "gameOver@2x.png"; sourceTree = "<group>"; };
		A5BC6BE924DC475200CCEEDD /* whackHole.png */ = {isa = PBXFileReference; lastKnownFileType = image.png; path = whackHole.png; sourceTree = "<group>"; };
		A5BC6BEA24DC475200CCEEDD /* penguinEvil@2x.png */ = {isa = PBXFileReference; lastKnownFileType = image.png; path = "penguinEvil@2x.png"; sourceTree = "<group>"; };
		A5BC6BEB24DC475200CCEEDD /* whackHole@2x.png */ = {isa = PBXFileReference; lastKnownFileType = image.png; path = "whackHole@2x.png"; sourceTree = "<group>"; };
		A5BC6BEC24DC475200CCEEDD /* penguinEvil.png */ = {isa = PBXFileReference; lastKnownFileType = image.png; path = penguinEvil.png; sourceTree = "<group>"; };
		A5BC6BED24DC475200CCEEDD /* penguinGood@2x.png */ = {isa = PBXFileReference; lastKnownFileType = image.png; path = "penguinGood@2x.png"; sourceTree = "<group>"; };
		A5BC6BEE24DC475200CCEEDD /* gameOver.png */ = {isa = PBXFileReference; lastKnownFileType = image.png; path = gameOver.png; sourceTree = "<group>"; };
		A5BC6BEF24DC475200CCEEDD /* whackMask@2x.png */ = {isa = PBXFileReference; lastKnownFileType = image.png; path = "whackMask@2x.png"; sourceTree = "<group>"; };
		A5BC6BF024DC475200CCEEDD /* whackBackground@2x.png */ = {isa = PBXFileReference; lastKnownFileType = image.png; path = "whackBackground@2x.png"; sourceTree = "<group>"; };
		A5BC6C5F24E0AA9800CCEEDD /* GameOver.m4a */ = {isa = PBXFileReference; lastKnownFileType = file; path = GameOver.m4a; sourceTree = "<group>"; };
		A5CF3CD924DB4E1600B23629 /* Project14.app */ = {isa = PBXFileReference; explicitFileType = wrapper.application; includeInIndex = 0; path = Project14.app; sourceTree = BUILT_PRODUCTS_DIR; };
		A5CF3CDC24DB4E1600B23629 /* AppDelegate.swift */ = {isa = PBXFileReference; lastKnownFileType = sourcecode.swift; path = AppDelegate.swift; sourceTree = "<group>"; };
		A5CF3CDE24DB4E1600B23629 /* GameScene.sks */ = {isa = PBXFileReference; lastKnownFileType = file.sks; path = GameScene.sks; sourceTree = "<group>"; };
		A5CF3CE224DB4E1600B23629 /* GameScene.swift */ = {isa = PBXFileReference; lastKnownFileType = sourcecode.swift; path = GameScene.swift; sourceTree = "<group>"; };
		A5CF3CE424DB4E1600B23629 /* GameViewController.swift */ = {isa = PBXFileReference; lastKnownFileType = sourcecode.swift; path = GameViewController.swift; sourceTree = "<group>"; };
		A5CF3CE724DB4E1600B23629 /* Base */ = {isa = PBXFileReference; lastKnownFileType = file.storyboard; name = Base; path = Base.lproj/Main.storyboard; sourceTree = "<group>"; };
		A5CF3CE924DB4E1700B23629 /* Assets.xcassets */ = {isa = PBXFileReference; lastKnownFileType = folder.assetcatalog; path = Assets.xcassets; sourceTree = "<group>"; };
		A5CF3CEC24DB4E1700B23629 /* Base */ = {isa = PBXFileReference; lastKnownFileType = file.storyboard; name = Base; path = Base.lproj/LaunchScreen.storyboard; sourceTree = "<group>"; };
		A5CF3CEE24DB4E1700B23629 /* Info.plist */ = {isa = PBXFileReference; lastKnownFileType = text.plist.xml; path = Info.plist; sourceTree = "<group>"; };
/* End PBXFileReference section */

/* Begin PBXFrameworksBuildPhase section */
		A5CF3CD624DB4E1600B23629 /* Frameworks */ = {
			isa = PBXFrameworksBuildPhase;
			buildActionMask = 2147483647;
			files = (
			);
			runOnlyForDeploymentPostprocessing = 0;
		};
/* End PBXFrameworksBuildPhase section */

/* Begin PBXGroup section */
		A5BC6BE224DC475200CCEEDD /* Content */ = {
			isa = PBXGroup;
			children = (
				A5BC6C5F24E0AA9800CCEEDD /* GameOver.m4a */,
				A5BC6BE324DC475200CCEEDD /* whackBad.caf */,
				A5BC6BE424DC475200CCEEDD /* penguinGood.png */,
				A5BC6BE524DC475200CCEEDD /* whackMask.png */,
				A5BC6BE624DC475200CCEEDD /* whackBackground.png */,
				A5BC6BE724DC475200CCEEDD /* whack.caf */,
				A5BC6BE824DC475200CCEEDD /* gameOver@2x.png */,
				A5BC6BE924DC475200CCEEDD /* whackHole.png */,
				A5BC6BEA24DC475200CCEEDD /* penguinEvil@2x.png */,
				A5BC6BEB24DC475200CCEEDD /* whackHole@2x.png */,
				A5BC6BEC24DC475200CCEEDD /* penguinEvil.png */,
				A5BC6BED24DC475200CCEEDD /* penguinGood@2x.png */,
				A5BC6BEE24DC475200CCEEDD /* gameOver.png */,
				A5BC6BEF24DC475200CCEEDD /* whackMask@2x.png */,
				A5BC6BF024DC475200CCEEDD /* whackBackground@2x.png */,
			);
			path = Content;
			sourceTree = "<group>";
		};
		A5CF3CD024DB4E1600B23629 = {
			isa = PBXGroup;
			children = (
				A5CF3CDB24DB4E1600B23629 /* Project14 */,
				A5CF3CDA24DB4E1600B23629 /* Products */,
			);
			sourceTree = "<group>";
		};
		A5CF3CDA24DB4E1600B23629 /* Products */ = {
			isa = PBXGroup;
			children = (
				A5CF3CD924DB4E1600B23629 /* Project14.app */,
			);
			name = Products;
			sourceTree = "<group>";
		};
		A5CF3CDB24DB4E1600B23629 /* Project14 */ = {
			isa = PBXGroup;
			children = (
				A5CF3CDC24DB4E1600B23629 /* AppDelegate.swift */,
				A5CF3CDE24DB4E1600B23629 /* GameScene.sks */,
				A5CF3CE224DB4E1600B23629 /* GameScene.swift */,
				A5CF3CE424DB4E1600B23629 /* GameViewController.swift */,
				A5BC6BDF24DC347B00CCEEDD /* WhackSlot.swift */,
				A5CF3CE624DB4E1600B23629 /* Main.storyboard */,
				A5CF3CE924DB4E1700B23629 /* Assets.xcassets */,
				A5CF3CEB24DB4E1700B23629 /* LaunchScreen.storyboard */,
				A5CF3CEE24DB4E1700B23629 /* Info.plist */,
				A5BC6BE224DC475200CCEEDD /* Content */,
			);
			path = Project14;
			sourceTree = "<group>";
		};
/* End PBXGroup section */

/* Begin PBXNativeTarget section */
		A5CF3CD824DB4E1600B23629 /* Project14 */ = {
			isa = PBXNativeTarget;
			buildConfigurationList = A5CF3CF124DB4E1700B23629 /* Build configuration list for PBXNativeTarget "Project14" */;
			buildPhases = (
				A5CF3CD524DB4E1600B23629 /* Sources */,
				A5CF3CD624DB4E1600B23629 /* Frameworks */,
				A5CF3CD724DB4E1600B23629 /* Resources */,
			);
			buildRules = (
			);
			dependencies = (
			);
			name = Project14;
			productName = Project14;
			productReference = A5CF3CD924DB4E1600B23629 /* Project14.app */;
			productType = "com.apple.product-type.application";
		};
/* End PBXNativeTarget section */

/* Begin PBXProject section */
		A5CF3CD124DB4E1600B23629 /* Project object */ = {
			isa = PBXProject;
			attributes = {
				LastSwiftUpdateCheck = 1130;
				LastUpgradeCheck = 1130;
				ORGANIZATIONNAME = "Игорь Клюжев";
				TargetAttributes = {
					A5CF3CD824DB4E1600B23629 = {
						CreatedOnToolsVersion = 11.3;
					};
				};
			};
			buildConfigurationList = A5CF3CD424DB4E1600B23629 /* Build configuration list for PBXProject "Project14" */;
			compatibilityVersion = "Xcode 9.3";
			developmentRegion = en;
			hasScannedForEncodings = 0;
			knownRegions = (
				en,
				Base,
			);
			mainGroup = A5CF3CD024DB4E1600B23629;
			productRefGroup = A5CF3CDA24DB4E1600B23629 /* Products */;
			projectDirPath = "";
			projectRoot = "";
			targets = (
				A5CF3CD824DB4E1600B23629 /* Project14 */,
			);
		};
/* End PBXProject section */

/* Begin PBXResourcesBuildPhase section */
		A5CF3CD724DB4E1600B23629 /* Resources */ = {
			isa = PBXResourcesBuildPhase;
			buildActionMask = 2147483647;
			files = (
				A5CF3CE824DB4E1600B23629 /* Main.storyboard in Resources */,
				A5BC6BF124DC479800CCEEDD /* whack.caf in Resources */,
				A5BC6C6024E0AABA00CCEEDD /* GameOver.m4a in Resources */,
				A5CF3CDF24DB4E1600B23629 /* GameScene.sks in Resources */,
				A5CF3CEA24DB4E1700B23629 /* Assets.xcassets in Resources */,
				A5CF3CED24DB4E1700B23629 /* LaunchScreen.storyboard in Resources */,
				A5BC6BF224DC479B00CCEEDD /* whackBad.caf in Resources */,
			);
			runOnlyForDeploymentPostprocessing = 0;
		};
/* End PBXResourcesBuildPhase section */

/* Begin PBXSourcesBuildPhase section */
		A5CF3CD524DB4E1600B23629 /* Sources */ = {
			isa = PBXSourcesBuildPhase;
			buildActionMask = 2147483647;
			files = (
				A5CF3CE324DB4E1600B23629 /* GameScene.swift in Sources */,
				A5CF3CE524DB4E1600B23629 /* GameViewController.swift in Sources */,
				A5BC6BE024DC347B00CCEEDD /* WhackSlot.swift in Sources */,
				A5CF3CDD24DB4E1600B23629 /* AppDelegate.swift in Sources */,
			);
			runOnlyForDeploymentPostprocessing = 0;
		};
/* End PBXSourcesBuildPhase section */

/* Begin PBXVariantGroup section */
		A5CF3CE624DB4E1600B23629 /* Main.storyboard */ = {
			isa = PBXVariantGroup;
			children = (
				A5CF3CE724DB4E1600B23629 /* Base */,
			);
			name = Main.storyboard;
			sourceTree = "<group>";
		};
		A5CF3CEB24DB4E1700B23629 /* LaunchScreen.storyboard */ = {
			isa = PBXVariantGroup;
			children = (
				A5CF3CEC24DB4E1700B23629 /* Base */,
			);
			name = LaunchScreen.storyboard;
			sourceTree = "<group>";
		};
/* End PBXVariantGroup section */

/* Begin XCBuildConfiguration section */
		A5CF3CEF24DB4E1700B23629 /* Debug */ = {
			isa = XCBuildConfiguration;
			buildSettings = {
				ALWAYS_SEARCH_USER_PATHS = NO;
				CLANG_ANALYZER_NONNULL = YES;
				CLANG_ANALYZER_NUMBER_OBJECT_CONVERSION = YES_AGGRESSIVE;
				CLANG_CXX_LANGUAGE_STANDARD = "gnu++14";
				CLANG_CXX_LIBRARY = "libc++";
				CLANG_ENABLE_MODULES = YES;
				CLANG_ENABLE_OBJC_ARC = YES;
				CLANG_ENABLE_OBJC_WEAK = YES;
				CLANG_WARN_BLOCK_CAPTURE_AUTORELEASING = YES;
				CLANG_WARN_BOOL_CONVERSION = YES;
				CLANG_WARN_COMMA = YES;
				CLANG_WARN_CONSTANT_CONVERSION = YES;
				CLANG_WARN_DEPRECATED_OBJC_IMPLEMENTATIONS = YES;
				CLANG_WARN_DIRECT_OBJC_ISA_USAGE = YES_ERROR;
				CLANG_WARN_DOCUMENTATION_COMMENTS = YES;
				CLANG_WARN_EMPTY_BODY = YES;
				CLANG_WARN_ENUM_CONVERSION = YES;
				CLANG_WARN_INFINITE_RECURSION = YES;
				CLANG_WARN_INT_CONVERSION = YES;
				CLANG_WARN_NON_LITERAL_NULL_CONVERSION = YES;
				CLANG_WARN_OBJC_IMPLICIT_RETAIN_SELF = YES;
				CLANG_WARN_OBJC_LITERAL_CONVERSION = YES;
				CLANG_WARN_OBJC_ROOT_CLASS = YES_ERROR;
				CLANG_WARN_RANGE_LOOP_ANALYSIS = YES;
				CLANG_WARN_STRICT_PROTOTYPES = YES;
				CLANG_WARN_SUSPICIOUS_MOVE = YES;
				CLANG_WARN_UNGUARDED_AVAILABILITY = YES_AGGRESSIVE;
				CLANG_WARN_UNREACHABLE_CODE = YES;
				CLANG_WARN__DUPLICATE_METHOD_MATCH = YES;
				COPY_PHASE_STRIP = NO;
				DEBUG_INFORMATION_FORMAT = dwarf;
				ENABLE_STRICT_OBJC_MSGSEND = YES;
				ENABLE_TESTABILITY = YES;
				GCC_C_LANGUAGE_STANDARD = gnu11;
				GCC_DYNAMIC_NO_PIC = NO;
				GCC_NO_COMMON_BLOCKS = YES;
				GCC_OPTIMIZATION_LEVEL = 0;
				GCC_PREPROCESSOR_DEFINITIONS = (
					"DEBUG=1",
					"$(inherited)",
				);
				GCC_WARN_64_TO_32_BIT_CONVERSION = YES;
				GCC_WARN_ABOUT_RETURN_TYPE = YES_ERROR;
				GCC_WARN_UNDECLARED_SELECTOR = YES;
				GCC_WARN_UNINITIALIZED_AUTOS = YES_AGGRESSIVE;
				GCC_WARN_UNUSED_FUNCTION = YES;
				GCC_WARN_UNUSED_VARIABLE = YES;
				IPHONEOS_DEPLOYMENT_TARGET = 13.2;
				MTL_ENABLE_DEBUG_INFO = INCLUDE_SOURCE;
				MTL_FAST_MATH = YES;
				ONLY_ACTIVE_ARCH = YES;
				SDKROOT = iphoneos;
				SWIFT_ACTIVE_COMPILATION_CONDITIONS = DEBUG;
				SWIFT_OPTIMIZATION_LEVEL = "-Onone";
			};
			name = Debug;
		};
		A5CF3CF024DB4E1700B23629 /* Release */ = {
			isa = XCBuildConfiguration;
			buildSettings = {
				ALWAYS_SEARCH_USER_PATHS = NO;
				CLANG_ANALYZER_NONNULL = YES;
				CLANG_ANALYZER_NUMBER_OBJECT_CONVERSION = YES_AGGRESSIVE;
				CLANG_CXX_LANGUAGE_STANDARD = "gnu++14";
				CLANG_CXX_LIBRARY = "libc++";
				CLANG_ENABLE_MODULES = YES;
				CLANG_ENABLE_OBJC_ARC = YES;
				CLANG_ENABLE_OBJC_WEAK = YES;
				CLANG_WARN_BLOCK_CAPTURE_AUTORELEASING = YES;
				CLANG_WARN_BOOL_CONVERSION = YES;
				CLANG_WARN_COMMA = YES;
				CLANG_WARN_CONSTANT_CONVERSION = YES;
				CLANG_WARN_DEPRECATED_OBJC_IMPLEMENTATIONS = YES;
				CLANG_WARN_DIRECT_OBJC_ISA_USAGE = YES_ERROR;
				CLANG_WARN_DOCUMENTATION_COMMENTS = YES;
				CLANG_WARN_EMPTY_BODY = YES;
				CLANG_WARN_ENUM_CONVERSION = YES;
				CLANG_WARN_INFINITE_RECURSION = YES;
				CLANG_WARN_INT_CONVERSION = YES;
				CLANG_WARN_NON_LITERAL_NULL_CONVERSION = YES;
				CLANG_WARN_OBJC_IMPLICIT_RETAIN_SELF = YES;
				CLANG_WARN_OBJC_LITERAL_CONVERSION = YES;
				CLANG_WARN_OBJC_ROOT_CLASS = YES_ERROR;
				CLANG_WARN_RANGE_LOOP_ANALYSIS = YES;
				CLANG_WARN_STRICT_PROTOTYPES = YES;
				CLANG_WARN_SUSPICIOUS_MOVE = YES;
				CLANG_WARN_UNGUARDED_AVAILABILITY = YES_AGGRESSIVE;
				CLANG_WARN_UNREACHABLE_CODE = YES;
				CLANG_WARN__DUPLICATE_METHOD_MATCH = YES;
				COPY_PHASE_STRIP = NO;
				DEBUG_INFORMATION_FORMAT = "dwarf-with-dsym";
				ENABLE_NS_ASSERTIONS = NO;
				ENABLE_STRICT_OBJC_MSGSEND = YES;
				GCC_C_LANGUAGE_STANDARD = gnu11;
				GCC_NO_COMMON_BLOCKS = YES;
				GCC_WARN_64_TO_32_BIT_CONVERSION = YES;
				GCC_WARN_ABOUT_RETURN_TYPE = YES_ERROR;
				GCC_WARN_UNDECLARED_SELECTOR = YES;
				GCC_WARN_UNINITIALIZED_AUTOS = YES_AGGRESSIVE;
				GCC_WARN_UNUSED_FUNCTION = YES;
				GCC_WARN_UNUSED_VARIABLE = YES;
				IPHONEOS_DEPLOYMENT_TARGET = 13.2;
				MTL_ENABLE_DEBUG_INFO = NO;
				MTL_FAST_MATH = YES;
				SDKROOT = iphoneos;
				SWIFT_COMPILATION_MODE = wholemodule;
				SWIFT_OPTIMIZATION_LEVEL = "-O";
				VALIDATE_PRODUCT = YES;
			};
			name = Release;
		};
		A5CF3CF224DB4E1700B23629 /* Debug */ = {
			isa = XCBuildConfiguration;
			buildSettings = {
				ASSETCATALOG_COMPILER_APPICON_NAME = AppIcon;
				CODE_SIGN_STYLE = Automatic;
				DEVELOPMENT_TEAM = 4D7YJ8BY8H;
				INFOPLIST_FILE = Project14/Info.plist;
				IPHONEOS_DEPLOYMENT_TARGET = 10.3;
				LD_RUNPATH_SEARCH_PATHS = (
					"$(inherited)",
					"@executable_path/Frameworks",
				);
				PRODUCT_BUNDLE_IDENTIFIER = com.ITMO.Project14;
				PRODUCT_NAME = "$(TARGET_NAME)";
				SWIFT_VERSION = 5.0;
				TARGETED_DEVICE_FAMILY = 2;
			};
			name = Debug;
		};
		A5CF3CF324DB4E1700B23629 /* Release */ = {
			isa = XCBuildConfiguration;
			buildSettings = {
				ASSETCATALOG_COMPILER_APPICON_NAME = AppIcon;
				CODE_SIGN_STYLE = Automatic;
				DEVELOPMENT_TEAM = 4D7YJ8BY8H;
				INFOPLIST_FILE = Project14/Info.plist;
				IPHONEOS_DEPLOYMENT_TARGET = 10.3;
				LD_RUNPATH_SEARCH_PATHS = (
					"$(inherited)",
					"@executable_path/Frameworks",
				);
				PRODUCT_BUNDLE_IDENTIFIER = com.ITMO.Project14;
				PRODUCT_NAME = "$(TARGET_NAME)";
				SWIFT_VERSION = 5.0;
				TARGETED_DEVICE_FAMILY = 2;
			};
			name = Release;
		};
/* End XCBuildConfiguration section */

/* Begin XCConfigurationList section */
		A5CF3CD424DB4E1600B23629 /* Build configuration list for PBXProject "Project14" */ = {
			isa = XCConfigurationList;
			buildConfigurations = (
				A5CF3CEF24DB4E1700B23629 /* Debug */,
				A5CF3CF024DB4E1700B23629 /* Release */,
			);
			defaultConfigurationIsVisible = 0;
			defaultConfigurationName = Release;
		};
		A5CF3CF124DB4E1700B23629 /* Build configuration list for PBXNativeTarget "Project14" */ = {
			isa = XCConfigurationList;
			buildConfigurations = (
				A5CF3CF224DB4E1700B23629 /* Debug */,
				A5CF3CF324DB4E1700B23629 /* Release */,
			);
			defaultConfigurationIsVisible = 0;
			defaultConfigurationName = Release;
		};
/* End XCConfigurationList section */
	};
	rootObject = A5CF3CD124DB4E1600B23629 /* Project object */;
}
